Microsoft Visual Studio Solution File, Format Version 12.00
# Visual Studio 2013
VisualStudioVersion = 12.0.31101.0
MinimumVisualStudioVersion = 10.0.40219.1
Project("{FAE04EC0-301F-11D3-BF4B-00C04F79EFBC}") = "DShowNET", "DShowNET\DShowNET.csproj", "{CE009BFA-5EF6-4153-B2A1-2FA79698A9AE}"
EndProject
Project("{FAE04EC0-301F-11D3-BF4B-00C04F79EFBC}") = "DirectX.Capture", "DirectX.Capture\DirectX.Capture.csproj", "{8C0015DB-69E1-46E7-8705-3A4F8BE2E5E7}"
EndProject
Project("{FAE04EC0-301F-11D3-BF4B-00C04F79EFBC}") = "CaptureTest", "CaptureTest\CaptureTest.csproj", "{49FE20D6-7F04-42B2-A3E0-C5B7A2283EFD}"
EndProject
Project("{2150E333-8FDC-42A3-9474-1A3956D46DE8}") = "Solution Items", "Solution Items", "{7DE15659-7D9B-4668-825A-5297494EC3C2}"
	ProjectSection(SolutionItems) = preProject
		..\HDFaceBasics-WPF\HDFaceBasics-WPF.csproj = ..\HDFaceBasics-WPF\HDFaceBasics-WPF.csproj
		..\HDFaceBasics-WPF\HDFaceBasics-WPF.sln = ..\HDFaceBasics-WPF\HDFaceBasics-WPF.sln
	EndProjectSection
EndProject
Project("{FAE04EC0-301F-11D3-BF4B-00C04F79EFBC}") = "HDFaceBasics-WPF", "CaptureTest\HDFaceBasics-WPF.csproj", "{849C4C35-7685-44FB-B43A-C078E88AC9F5}"
EndProject
Global
	GlobalSection(SolutionConfigurationPlatforms) = preSolution
		Debug|Any CPU = Debug|Any CPU
		Debug|Mixed Platforms = Debug|Mixed Platforms
		Debug|x64 = Debug|x64
		Release|Any CPU = Release|Any CPU
		Release|Mixed Platforms = Release|Mixed Platforms
		Release|x64 = Release|x64
	EndGlobalSection
	GlobalSection(ProjectConfigurationPlatforms) = postSolution
		{CE009BFA-5EF6-4153-B2A1-2FA79698A9AE}.Debug|Any CPU.ActiveCfg = Debug|Any CPU
		{CE009BFA-5EF6-4153-B2A1-2FA79698A9AE}.Debug|Any CPU.Build.0 = Debug|Any CPU
		{CE009BFA-5EF6-4153-B2A1-2FA79698A9AE}.Debug|Mixed Platforms.ActiveCfg = Debug|Any CPU
		{CE009BFA-5EF6-4153-B2A1-2FA79698A9AE}.Debug|Mixed Platforms.Build.0 = Debug|Any CPU
		{CE009BFA-5EF6-4153-B2A1-2FA79698A9AE}.Debug|x64.ActiveCfg = Debug|Any CPU
		{CE009BFA-5EF6-4153-B2A1-2FA79698A9AE}.Release|Any CPU.ActiveCfg = Release|Any CPU
		{CE009BFA-5EF6-4153-B2A1-2FA79698A9AE}.Release|Any CPU.Build.0 = Release|Any CPU
		{CE009BFA-5EF6-4153-B2A1-2FA79698A9AE}.Release|Mixed Platforms.ActiveCfg = Release|Any CPU
		{CE009BFA-5EF6-4153-B2A1-2FA79698A9AE}.Release|Mixed Platforms.Build.0 = Release|Any CPU
		{CE009BFA-5EF6-4153-B2A1-2FA79698A9AE}.Release|x64.ActiveCfg = Release|Any CPU
		{8C0015DB-69E1-46E7-8705-3A4F8BE2E5E7}.Debug|Any CPU.ActiveCfg = Debug|Any CPU
		{8C0015DB-69E1-46E7-8705-3A4F8BE2E5E7}.Debug|Any CPU.Build.0 = Debug|Any CPU
		{8C0015DB-69E1-46E7-8705-3A4F8BE2E5E7}.Debug|Mixed Platforms.ActiveCfg = Debug|Any CPU
		{8C0015DB-69E1-46E7-8705-3A4F8BE2E5E7}.Debug|Mixed Platforms.Build.0 = Debug|Any CPU
		{8C0015DB-69E1-46E7-8705-3A4F8BE2E5E7}.Debug|x64.ActiveCfg = Debug|Any CPU
		{8C0015DB-69E1-46E7-8705-3A4F8BE2E5E7}.Release|Any CPU.ActiveCfg = Release|Any CPU
		{8C0015DB-69E1-46E7-8705-3A4F8BE2E5E7}.Release|Any CPU.Build.0 = Release|Any CPU
		{8C0015DB-69E1-46E7-8705-3A4F8BE2E5E7}.Release|Mixed Platforms.ActiveCfg = Release|Any CPU
		{8C0015DB-69E1-46E7-8705-3A4F8BE2E5E7}.Release|Mixed Platforms.Build.0 = Release|Any CPU
		{8C0015DB-69E1-46E7-8705-3A4F8BE2E5E7}.Release|x64.ActiveCfg = Release|Any CPU
		{49FE20D6-7F04-42B2-A3E0-C5B7A2283EFD}.Debug|Any CPU.ActiveCfg = Debug|Any CPU
		{49FE20D6-7F04-42B2-A3E0-C5B7A2283EFD}.Debug|Any CPU.Build.0 = Debug|Any CPU
		{49FE20D6-7F04-42B2-A3E0-C5B7A2283EFD}.Debug|Mixed Platforms.ActiveCfg = Debug|Any CPU
		{49FE20D6-7F04-42B2-A3E0-C5B7A2283EFD}.Debug|Mixed Platforms.Build.0 = Debug|Any CPU
		{49FE20D6-7F04-42B2-A3E0-C5B7A2283EFD}.Debug|x64.ActiveCfg = Debug|Any CPU
		{49FE20D6-7F04-42B2-A3E0-C5B7A2283EFD}.Release|Any CPU.ActiveCfg = Release|Any CPU
		{49FE20D6-7F04-42B2-A3E0-C5B7A2283EFD}.Release|Any CPU.Build.0 = Release|Any CPU
		{49FE20D6-7F04-42B2-A3E0-C5B7A2283EFD}.Release|Mixed Platforms.ActiveCfg = Release|Any CPU
		{49FE20D6-7F04-42B2-A3E0-C5B7A2283EFD}.Release|Mixed Platforms.Build.0 = Release|Any CPU
		{49FE20D6-7F04-42B2-A3E0-C5B7A2283EFD}.Release|x64.ActiveCfg = Release|Any CPU
		{849C4C35-7685-44FB-B43A-C078E88AC9F5}.Debug|Any CPU.ActiveCfg = Debug|x64
		{849C4C35-7685-44FB-B43A-C078E88AC9F5}.Debug|Mixed Platforms.ActiveCfg = Debug|x64
		{849C4C35-7685-44FB-B43A-C078E88AC9F5}.Debug|Mixed Platforms.Build.0 = Debug|x64
		{849C4C35-7685-44FB-B43A-C078E88AC9F5}.Debug|x64.ActiveCfg = Debug|x64
		{849C4C35-7685-44FB-B43A-C078E88AC9F5}.Debug|x64.Build.0 = Debug|x64
		{849C4C35-7685-44FB-B43A-C078E88AC9F5}.Release|Any CPU.ActiveCfg = Release|x64
		{849C4C35-7685-44FB-B43A-C078E88AC9F5}.Release|Mixed Platforms.ActiveCfg = Release|x64
		{849C4C35-7685-44FB-B43A-C078E88AC9F5}.Release|Mixed Platforms.Build.0 = Release|x64
		{849C4C35-7685-44FB-B43A-C078E88AC9F5}.Release|x64.ActiveCfg = Release|x64
		{849C4C35-7685-44FB-B43A-C078E88AC9F5}.Release|x64.Build.0 = Release|x64
	EndGlobalSection
	GlobalSection(SolutionProperties) = preSolution
		HideSolutionNode = FALSE
	EndGlobalSection
EndGlobal
